
Microsoft Visual Studio Solution File, Format Version 12.00
# Visual Studio 14
VisualStudioVersion = 14.0.23107.0
MinimumVisualStudioVersion = 10.0.40219.1
Project("{FAE04EC0-301F-11D3-BF4B-00C04F79EFBC}") = "Point3D", "Point3D\Point3D.csproj", "{C588897F-0F3C-4921-BE34-8FF7E45EEAD0}"
EndProject
Project("{FAE04EC0-301F-11D3-BF4B-00C04F79EFBC}") = "DistanceCalculator", "DistanceCalculator\DistanceCalculator.csproj", "{97350736-DBE9-44A5-8EF5-663611C4A065}"
EndProject
Project("{FAE04EC0-301F-11D3-BF4B-00C04F79EFBC}") = "Path", "Path\Path.csproj", "{05E054B8-8174-414D-B61C-3185996ED8AF}"
EndProject
Project("{FAE04EC0-301F-11D3-BF4B-00C04F79EFBC}") = "Namespaces", "Namespaces\Namespaces.csproj", "{674378AB-6C7C-4B60-B7B0-7DC1DDF4214F}"
EndProject
Global
	GlobalSection(SolutionConfigurationPlatforms) = preSolution
		Debug|Any CPU = Debug|Any CPU
		Release|Any CPU = Release|Any CPU
	EndGlobalSection
	GlobalSection(ProjectConfigurationPlatforms) = postSolution
		{C588897F-0F3C-4921-BE34-8FF7E45EEAD0}.Debug|Any CPU.ActiveCfg = Debug|Any CPU
		{C588897F-0F3C-4921-BE34-8FF7E45EEAD0}.Debug|Any CPU.Build.0 = Debug|Any CPU
		{C588897F-0F3C-4921-BE34-8FF7E45EEAD0}.Release|Any CPU.ActiveCfg = Release|Any CPU
		{C588897F-0F3C-4921-BE34-8FF7E45EEAD0}.Release|Any CPU.Build.0 = Release|Any CPU
		{97350736-DBE9-44A5-8EF5-663611C4A065}.Debug|Any CPU.ActiveCfg = Debug|Any CPU
		{97350736-DBE9-44A5-8EF5-663611C4A065}.Debug|Any CPU.Build.0 = Debug|Any CPU
		{97350736-DBE9-44A5-8EF5-663611C4A065}.Release|Any CPU.ActiveCfg = Release|Any CPU
		{97350736-DBE9-44A5-8EF5-663611C4A065}.Release|Any CPU.Build.0 = Release|Any CPU
		{05E054B8-8174-414D-B61C-3185996ED8AF}.Debug|Any CPU.ActiveCfg = Debug|Any CPU
		{05E054B8-8174-414D-B61C-3185996ED8AF}.Debug|Any CPU.Build.0 = Debug|Any CPU
		{05E054B8-8174-414D-B61C-3185996ED8AF}.Release|Any CPU.ActiveCfg = Release|Any CPU
		{05E054B8-8174-414D-B61C-3185996ED8AF}.Release|Any CPU.Build.0 = Release|Any CPU
		{674378AB-6C7C-4B60-B7B0-7DC1DDF4214F}.Debug|Any CPU.ActiveCfg = Debug|Any CPU
		{674378AB-6C7C-4B60-B7B0-7DC1DDF4214F}.Debug|Any CPU.Build.0 = Debug|Any CPU
		{674378AB-6C7C-4B60-B7B0-7DC1DDF4214F}.Release|Any CPU.ActiveCfg = Release|Any CPU
		{674378AB-6C7C-4B60-B7B0-7DC1DDF4214F}.Release|Any CPU.Build.0 = Release|Any CPU
	EndGlobalSection
	GlobalSection(SolutionProperties) = preSolution
		HideSolutionNode = FALSE
	EndGlobalSection
EndGlobal
