
Microsoft Visual Studio Solution File, Format Version 12.00
# Visual Studio 14
VisualStudioVersion = 14.0.23107.0
MinimumVisualStudioVersion = 10.0.40219.1
Project("{FAE04EC0-301F-11D3-BF4B-00C04F79EFBC}") = "Persons", "Persons\Persons.csproj", "{2159037B-52DF-44E9-BE60-B95ABC833875}"
EndProject
Project("{FAE04EC0-301F-11D3-BF4B-00C04F79EFBC}") = "LaptopShop", "LaptopShop\LaptopShop.csproj", "{C1BC9E7B-1C75-4E46-A82B-984E2E94B086}"
EndProject
Project("{FAE04EC0-301F-11D3-BF4B-00C04F79EFBC}") = "PcCatalog", "PcCatalog\PcCatalog.csproj", "{87B83D3D-E9DA-4869-BA4C-48A6C39DADF4}"
EndProject
Global
	GlobalSection(SolutionConfigurationPlatforms) = preSolution
		Debug|Any CPU = Debug|Any CPU
		Release|Any CPU = Release|Any CPU
	EndGlobalSection
	GlobalSection(ProjectConfigurationPlatforms) = postSolution
		{2159037B-52DF-44E9-BE60-B95ABC833875}.Debug|Any CPU.ActiveCfg = Debug|Any CPU
		{2159037B-52DF-44E9-BE60-B95ABC833875}.Debug|Any CPU.Build.0 = Debug|Any CPU
		{2159037B-52DF-44E9-BE60-B95ABC833875}.Release|Any CPU.ActiveCfg = Release|Any CPU
		{2159037B-52DF-44E9-BE60-B95ABC833875}.Release|Any CPU.Build.0 = Release|Any CPU
		{C1BC9E7B-1C75-4E46-A82B-984E2E94B086}.Debug|Any CPU.ActiveCfg = Debug|Any CPU
		{C1BC9E7B-1C75-4E46-A82B-984E2E94B086}.Debug|Any CPU.Build.0 = Debug|Any CPU
		{C1BC9E7B-1C75-4E46-A82B-984E2E94B086}.Release|Any CPU.ActiveCfg = Release|Any CPU
		{C1BC9E7B-1C75-4E46-A82B-984E2E94B086}.Release|Any CPU.Build.0 = Release|Any CPU
		{87B83D3D-E9DA-4869-BA4C-48A6C39DADF4}.Debug|Any CPU.ActiveCfg = Debug|Any CPU
		{87B83D3D-E9DA-4869-BA4C-48A6C39DADF4}.Debug|Any CPU.Build.0 = Debug|Any CPU
		{87B83D3D-E9DA-4869-BA4C-48A6C39DADF4}.Release|Any CPU.ActiveCfg = Release|Any CPU
		{87B83D3D-E9DA-4869-BA4C-48A6C39DADF4}.Release|Any CPU.Build.0 = Release|Any CPU
	EndGlobalSection
	GlobalSection(SolutionProperties) = preSolution
		HideSolutionNode = FALSE
	EndGlobalSection
EndGlobal
